
Microsoft Visual Studio Solution File, Format Version 12.00
# Visual Studio Version 17
VisualStudioVersion = 17.9.34723.18
MinimumVisualStudioVersion = 10.0.40219.1
Project("{9A19103F-16F7-4668-BE54-9A1E7A4F7556}") = "BulkyWeb", "BulkyWeb\BulkyWeb.csproj", "{275783D2-2AB6-42A3-9F64-6E6FA9CE41AD}"
EndProject
Project("{FAE04EC0-301F-11D3-BF4B-00C04F79EFBC}") = "Bulky.DataAccess", "Bulky.DataAccess\Bulky.DataAccess.csproj", "{D1F7B8E4-F8C2-40F3-8668-6D7449E48D17}"
EndProject
Project("{FAE04EC0-301F-11D3-BF4B-00C04F79EFBC}") = "Bulky.Models", "Bulky.Models\Bulky.Models.csproj", "{B2B01A5C-C9FC-418E-9BFD-5F92FC5CE683}"
EndProject
Project("{FAE04EC0-301F-11D3-BF4B-00C04F79EFBC}") = "Bulky.Utility", "Bulky.Utility\Bulky.Utility.csproj", "{E965965B-BA17-4C2E-A3DF-B80307F1CA9A}"
EndProject
Global
	GlobalSection(SolutionConfigurationPlatforms) = preSolution
		Debug|Any CPU = Debug|Any CPU
		Release|Any CPU = Release|Any CPU
	EndGlobalSection
	GlobalSection(ProjectConfigurationPlatforms) = postSolution
		{275783D2-2AB6-42A3-9F64-6E6FA9CE41AD}.Debug|Any CPU.ActiveCfg = Debug|Any CPU
		{275783D2-2AB6-42A3-9F64-6E6FA9CE41AD}.Debug|Any CPU.Build.0 = Debug|Any CPU
		{275783D2-2AB6-42A3-9F64-6E6FA9CE41AD}.Release|Any CPU.ActiveCfg = Release|Any CPU
		{275783D2-2AB6-42A3-9F64-6E6FA9CE41AD}.Release|Any CPU.Build.0 = Release|Any CPU
		{D1F7B8E4-F8C2-40F3-8668-6D7449E48D17}.Debug|Any CPU.ActiveCfg = Debug|Any CPU
		{D1F7B8E4-F8C2-40F3-8668-6D7449E48D17}.Debug|Any CPU.Build.0 = Debug|Any CPU
		{D1F7B8E4-F8C2-40F3-8668-6D7449E48D17}.Release|Any CPU.ActiveCfg = Release|Any CPU
		{D1F7B8E4-F8C2-40F3-8668-6D7449E48D17}.Release|Any CPU.Build.0 = Release|Any CPU
		{B2B01A5C-C9FC-418E-9BFD-5F92FC5CE683}.Debug|Any CPU.ActiveCfg = Debug|Any CPU
		{B2B01A5C-C9FC-418E-9BFD-5F92FC5CE683}.Debug|Any CPU.Build.0 = Debug|Any CPU
		{B2B01A5C-C9FC-418E-9BFD-5F92FC5CE683}.Release|Any CPU.ActiveCfg = Release|Any CPU
		{B2B01A5C-C9FC-418E-9BFD-5F92FC5CE683}.Release|Any CPU.Build.0 = Release|Any CPU
		{E965965B-BA17-4C2E-A3DF-B80307F1CA9A}.Debug|Any CPU.ActiveCfg = Debug|Any CPU
		{E965965B-BA17-4C2E-A3DF-B80307F1CA9A}.Debug|Any CPU.Build.0 = Debug|Any CPU
		{E965965B-BA17-4C2E-A3DF-B80307F1CA9A}.Release|Any CPU.ActiveCfg = Release|Any CPU
		{E965965B-BA17-4C2E-A3DF-B80307F1CA9A}.Release|Any CPU.Build.0 = Release|Any CPU
	EndGlobalSection
	GlobalSection(SolutionProperties) = preSolution
		HideSolutionNode = FALSE
	EndGlobalSection
	GlobalSection(ExtensibilityGlobals) = postSolution
		SolutionGuid = {899B8736-1B3E-4712-B419-650344161FA8}
	EndGlobalSection
EndGlobal
